
Microsoft Visual Studio Solution File, Format Version 12.00
# Visual Studio Version 17
VisualStudioVersion = 17.9.34723.18
MinimumVisualStudioVersion = 10.0.40219.1
Project("{9A19103F-16F7-4668-BE54-9A1E7A4F7556}") = "Store", "Store\Store.csproj", "{49BC538B-6596-49DA-BBD2-D469EF7CAEF1}"
EndProject
Project("{2150E333-8FDC-42A3-9474-1A3956D46DE8}") = "Solution Items", "Solution Items", "{8CC9F0B6-078E-463D-9F4B-D56419EF8B90}"
	ProjectSection(SolutionItems) = preProject
		.editorconfig = .editorconfig
	EndProjectSection
EndProject
Global
	GlobalSection(SolutionConfigurationPlatforms) = preSolution
		Debug|Any CPU = Debug|Any CPU
		Release|Any CPU = Release|Any CPU
	EndGlobalSection
	GlobalSection(ProjectConfigurationPlatforms) = postSolution
		{49BC538B-6596-49DA-BBD2-D469EF7CAEF1}.Debug|Any CPU.ActiveCfg = Debug|Any CPU
		{49BC538B-6596-49DA-BBD2-D469EF7CAEF1}.Debug|Any CPU.Build.0 = Debug|Any CPU
		{49BC538B-6596-49DA-BBD2-D469EF7CAEF1}.Release|Any CPU.ActiveCfg = Release|Any CPU
		{49BC538B-6596-49DA-BBD2-D469EF7CAEF1}.Release|Any CPU.Build.0 = Release|Any CPU
	EndGlobalSection
	GlobalSection(SolutionProperties) = preSolution
		HideSolutionNode = FALSE
	EndGlobalSection
	GlobalSection(ExtensibilityGlobals) = postSolution
		SolutionGuid = {0BCEAC0C-82AA-4BDC-9CB9-FE77C2AFCBB8}
	EndGlobalSection
EndGlobal
